
Microsoft Visual Studio Solution File, Format Version 12.00
# Visual Studio Version 17
VisualStudioVersion = 17.7.34221.43
MinimumVisualStudioVersion = 10.0.40219.1
Project("{FAE04EC0-301F-11D3-BF4B-00C04F79EFBC}") = "IntroFiles", "IntroFiles\IntroFiles.csproj", "{F2E53D6B-714D-43C1-90B2-8D1A54F78494}"
EndProject
Global
	GlobalSection(SolutionConfigurationPlatforms) = preSolution
		Debug|Any CPU = Debug|Any CPU
		Release|Any CPU = Release|Any CPU
	EndGlobalSection
	GlobalSection(ProjectConfigurationPlatforms) = postSolution
		{F2E53D6B-714D-43C1-90B2-8D1A54F78494}.Debug|Any CPU.ActiveCfg = Debug|Any CPU
		{F2E53D6B-714D-43C1-90B2-8D1A54F78494}.Debug|Any CPU.Build.0 = Debug|Any CPU
		{F2E53D6B-714D-43C1-90B2-8D1A54F78494}.Release|Any CPU.ActiveCfg = Release|Any CPU
		{F2E53D6B-714D-43C1-90B2-8D1A54F78494}.Release|Any CPU.Build.0 = Release|Any CPU
	EndGlobalSection
	GlobalSection(SolutionProperties) = preSolution
		HideSolutionNode = FALSE
	EndGlobalSection
	GlobalSection(ExtensibilityGlobals) = postSolution
		SolutionGuid = {ADC3DC4D-2C77-43FA-9E74-A8978D579A63}
	EndGlobalSection
EndGlobal
